
Microsoft Visual Studio Solution File, Format Version 12.00
# Visual Studio Version 17
VisualStudioVersion = 17.0.32112.339
MinimumVisualStudioVersion = 10.0.40219.1
Project("{9A19103F-16F7-4668-BE54-9A1E7A4F7556}") = "WebAPIAdmin", "WebAPIAdmin\WebAPIAdmin.csproj", "{3EC7471B-481C-4D26-8F2E-AB87601E7B14}"
EndProject
Project("{9A19103F-16F7-4668-BE54-9A1E7A4F7556}") = "Common", "Common\Common.csproj", "{9A174DE1-6BC4-4E8D-AEC6-181AC715F225}"
EndProject
Project("{9A19103F-16F7-4668-BE54-9A1E7A4F7556}") = "UIAdmin", "UIAdmin\UIAdmin.csproj", "{A3D21C73-E6F4-4546-871A-490EC55FAA45}"
EndProject
Project("{FAE04EC0-301F-11D3-BF4B-00C04F79EFBC}") = "EneriqsUserManagement", "EneriqsUserManagement\EneriqsUserManagement.csproj", "{6069CE8F-A70F-4199-8ABF-234549D99BC5}"
EndProject
Global
	GlobalSection(SolutionConfigurationPlatforms) = preSolution
		Debug|Any CPU = Debug|Any CPU
		Release|Any CPU = Release|Any CPU
	EndGlobalSection
	GlobalSection(ProjectConfigurationPlatforms) = postSolution
		{3EC7471B-481C-4D26-8F2E-AB87601E7B14}.Debug|Any CPU.ActiveCfg = Debug|Any CPU
		{3EC7471B-481C-4D26-8F2E-AB87601E7B14}.Debug|Any CPU.Build.0 = Debug|Any CPU
		{3EC7471B-481C-4D26-8F2E-AB87601E7B14}.Release|Any CPU.ActiveCfg = Release|Any CPU
		{3EC7471B-481C-4D26-8F2E-AB87601E7B14}.Release|Any CPU.Build.0 = Release|Any CPU
		{9A174DE1-6BC4-4E8D-AEC6-181AC715F225}.Debug|Any CPU.ActiveCfg = Debug|Any CPU
		{9A174DE1-6BC4-4E8D-AEC6-181AC715F225}.Debug|Any CPU.Build.0 = Debug|Any CPU
		{9A174DE1-6BC4-4E8D-AEC6-181AC715F225}.Release|Any CPU.ActiveCfg = Release|Any CPU
		{9A174DE1-6BC4-4E8D-AEC6-181AC715F225}.Release|Any CPU.Build.0 = Release|Any CPU
		{A3D21C73-E6F4-4546-871A-490EC55FAA45}.Debug|Any CPU.ActiveCfg = Debug|Any CPU
		{A3D21C73-E6F4-4546-871A-490EC55FAA45}.Debug|Any CPU.Build.0 = Debug|Any CPU
		{A3D21C73-E6F4-4546-871A-490EC55FAA45}.Release|Any CPU.ActiveCfg = Release|Any CPU
		{A3D21C73-E6F4-4546-871A-490EC55FAA45}.Release|Any CPU.Build.0 = Release|Any CPU
		{6069CE8F-A70F-4199-8ABF-234549D99BC5}.Debug|Any CPU.ActiveCfg = Debug|Any CPU
		{6069CE8F-A70F-4199-8ABF-234549D99BC5}.Debug|Any CPU.Build.0 = Debug|Any CPU
		{6069CE8F-A70F-4199-8ABF-234549D99BC5}.Release|Any CPU.ActiveCfg = Release|Any CPU
		{6069CE8F-A70F-4199-8ABF-234549D99BC5}.Release|Any CPU.Build.0 = Release|Any CPU
	EndGlobalSection
	GlobalSection(SolutionProperties) = preSolution
		HideSolutionNode = FALSE
	EndGlobalSection
	GlobalSection(ExtensibilityGlobals) = postSolution
		SolutionGuid = {BBB09747-EFEB-406E-8722-C7160C0D6D39}
	EndGlobalSection
EndGlobal
